
Microsoft Visual Studio Solution File, Format Version 12.00
# Visual Studio Version 16
VisualStudioVersion = 16.0.29326.143
MinimumVisualStudioVersion = 10.0.40219.1
Project("{FAE04EC0-301F-11D3-BF4B-00C04F79EFBC}") = "Tennis5", "Tennis5.csproj", "{530168CD-430A-42C7-962D-76A2378AE5DA}"
EndProject
Global
	GlobalSection(SolutionConfigurationPlatforms) = preSolution
		Debug|Any CPU = Debug|Any CPU
		Release|Any CPU = Release|Any CPU
	EndGlobalSection
	GlobalSection(ProjectConfigurationPlatforms) = postSolution
		{530168CD-430A-42C7-962D-76A2378AE5DA}.Debug|Any CPU.ActiveCfg = Debug|Any CPU
		{530168CD-430A-42C7-962D-76A2378AE5DA}.Debug|Any CPU.Build.0 = Debug|Any CPU
		{530168CD-430A-42C7-962D-76A2378AE5DA}.Release|Any CPU.ActiveCfg = Release|Any CPU
		{530168CD-430A-42C7-962D-76A2378AE5DA}.Release|Any CPU.Build.0 = Release|Any CPU
	EndGlobalSection
	GlobalSection(SolutionProperties) = preSolution
		HideSolutionNode = FALSE
	EndGlobalSection
	GlobalSection(ExtensibilityGlobals) = postSolution
		SolutionGuid = {9D53777E-6D85-48A2-AAB0-DFC0B406CA6F}
	EndGlobalSection
EndGlobal
